
Microsoft Visual Studio Solution File, Format Version 12.00
# Visual Studio Version 17
VisualStudioVersion = 17.11.35303.130
MinimumVisualStudioVersion = 10.0.40219.1
Project("{888888A0-9F3D-457C-B088-3A5042F75D52}") = "Going to office", "Going to office.pyproj", "{A22ABEC0-E3F1-4D17-BDF7-BDCE013107B1}"
EndProject
Global
	GlobalSection(SolutionConfigurationPlatforms) = preSolution
		Debug|Any CPU = Debug|Any CPU
		Release|Any CPU = Release|Any CPU
	EndGlobalSection
	GlobalSection(ProjectConfigurationPlatforms) = postSolution
		{A22ABEC0-E3F1-4D17-BDF7-BDCE013107B1}.Debug|Any CPU.ActiveCfg = Debug|Any CPU
		{A22ABEC0-E3F1-4D17-BDF7-BDCE013107B1}.Release|Any CPU.ActiveCfg = Release|Any CPU
	EndGlobalSection
	GlobalSection(SolutionProperties) = preSolution
		HideSolutionNode = FALSE
	EndGlobalSection
	GlobalSection(ExtensibilityGlobals) = postSolution
		SolutionGuid = {B3A019CC-C1C5-41AA-B9B7-91A0721C9597}
	EndGlobalSection
EndGlobal
